
Microsoft Visual Studio Solution File, Format Version 12.00
# Visual Studio Version 16
VisualStudioVersion = 16.0.29920.165
MinimumVisualStudioVersion = 10.0.40219.1
Project("{2150E333-8FDC-42A3-9474-1A3956D46DE8}") = "WebAsp", "WebAsp", "{32153DF1-79D3-4D15-A526-B67F2BAB19CF}"
EndProject
Project("{FAE04EC0-301F-11D3-BF4B-00C04F79EFBC}") = "LifeInsWebApp", "LifeInsWebApp\LifeInsWebApp.csproj", "{04D95EBC-DAD8-4CC8-B65F-9DCD4D0ECFCE}"
EndProject
Project("{FAE04EC0-301F-11D3-BF4B-00C04F79EFBC}") = "DataMangerClassLibrary", "DataMangerClassLibrary\DataMangerClassLibrary.csproj", "{613B5A94-D166-4C1D-A370-29013EB6A8B6}"
EndProject
Global
	GlobalSection(SolutionConfigurationPlatforms) = preSolution
		Debug|Any CPU = Debug|Any CPU
		Release|Any CPU = Release|Any CPU
	EndGlobalSection
	GlobalSection(ProjectConfigurationPlatforms) = postSolution
		{04D95EBC-DAD8-4CC8-B65F-9DCD4D0ECFCE}.Debug|Any CPU.ActiveCfg = Debug|Any CPU
		{04D95EBC-DAD8-4CC8-B65F-9DCD4D0ECFCE}.Debug|Any CPU.Build.0 = Debug|Any CPU
		{04D95EBC-DAD8-4CC8-B65F-9DCD4D0ECFCE}.Release|Any CPU.ActiveCfg = Release|Any CPU
		{04D95EBC-DAD8-4CC8-B65F-9DCD4D0ECFCE}.Release|Any CPU.Build.0 = Release|Any CPU
		{613B5A94-D166-4C1D-A370-29013EB6A8B6}.Debug|Any CPU.ActiveCfg = Debug|Any CPU
		{613B5A94-D166-4C1D-A370-29013EB6A8B6}.Debug|Any CPU.Build.0 = Debug|Any CPU
		{613B5A94-D166-4C1D-A370-29013EB6A8B6}.Release|Any CPU.ActiveCfg = Release|Any CPU
		{613B5A94-D166-4C1D-A370-29013EB6A8B6}.Release|Any CPU.Build.0 = Release|Any CPU
	EndGlobalSection
	GlobalSection(SolutionProperties) = preSolution
		HideSolutionNode = FALSE
	EndGlobalSection
	GlobalSection(NestedProjects) = preSolution
		{04D95EBC-DAD8-4CC8-B65F-9DCD4D0ECFCE} = {32153DF1-79D3-4D15-A526-B67F2BAB19CF}
		{613B5A94-D166-4C1D-A370-29013EB6A8B6} = {32153DF1-79D3-4D15-A526-B67F2BAB19CF}
	EndGlobalSection
	GlobalSection(ExtensibilityGlobals) = postSolution
		SolutionGuid = {0659E7D3-9701-4480-83EB-9184AAB31893}
	EndGlobalSection
EndGlobal
